// !$*UTF8*$!
{
	archiveVersion = 1;
	classes = {
	};
	objectVersion = 56;
	objects = {

/* Begin PBXBuildFile section */
		DD4AFBCA2A7DF3E600669535 /* main.cpp in Sources */ = {isa = PBXBuildFile; fileRef = DD4AFBC92A7DF3E600669535 /* main.cpp */; };
		DD4AFBD22A7DF3F500669535 /* OpenGL.framework in Frameworks */ = {isa = PBXBuildFile; fileRef = DD4AFBD12A7DF3F500669535 /* OpenGL.framework */; };
		DD4AFBD42A7DF44B00669535 /* libSDL2-2.0.0.dylib in Frameworks */ = {isa = PBXBuildFile; fileRef = DD4AFBD32A7DF44B00669535 /* libSDL2-2.0.0.dylib */; };
		DD4AFBD82A7DF4E700669535 /* render.cpp in Sources */ = {isa = PBXBuildFile; fileRef = DD4AFBD62A7DF4E700669535 /* render.cpp */; };
		DD4AFBDA2A7E00EF00669535 /* glad.c in Sources */ = {isa = PBXBuildFile; fileRef = DD4AFBD92A7E00EF00669535 /* glad.c */; };
		DD4AFBDF2A7E222100669535 /* simple_Hud.cpp in Sources */ = {isa = PBXBuildFile; fileRef = DD4AFBDD2A7E222100669535 /* simple_Hud.cpp */; };
		DD4AFBE32A7E259800669535 /* attitude_Indicator.cpp in Sources */ = {isa = PBXBuildFile; fileRef = DD4AFBE12A7E259800669535 /* attitude_Indicator.cpp */; };
/* End PBXBuildFile section */

/* Begin PBXCopyFilesBuildPhase section */
		DD4AFBC42A7DF3E600669535 /* CopyFiles */ = {
			isa = PBXCopyFilesBuildPhase;
			buildActionMask = 2147483647;
			dstPath = /usr/share/man/man1/;
			dstSubfolderSpec = 0;
			files = (
			);
			runOnlyForDeploymentPostprocessing = 1;
		};
/* End PBXCopyFilesBuildPhase section */

/* Begin PBXFileReference section */
		DD4AFBC62A7DF3E600669535 /* AvionicsDisplay */ = {isa = PBXFileReference; explicitFileType = "compiled.mach-o.executable"; includeInIndex = 0; path = AvionicsDisplay; sourceTree = BUILT_PRODUCTS_DIR; };
		DD4AFBC92A7DF3E600669535 /* main.cpp */ = {isa = PBXFileReference; lastKnownFileType = sourcecode.cpp.cpp; path = main.cpp; sourceTree = "<group>"; };
		DD4AFBD12A7DF3F500669535 /* OpenGL.framework */ = {isa = PBXFileReference; lastKnownFileType = wrapper.framework; name = OpenGL.framework; path = System/Library/Frameworks/OpenGL.framework; sourceTree = SDKROOT; };
		DD4AFBD32A7DF44B00669535 /* libSDL2-2.0.0.dylib */ = {isa = PBXFileReference; lastKnownFileType = "compiled.mach-o.dylib"; name = "libSDL2-2.0.0.dylib"; path = "../../../../../usr/local/Cellar/sdl2/2.28.1/lib/libSDL2-2.0.0.dylib"; sourceTree = "<group>"; };
		DD4AFBD62A7DF4E700669535 /* render.cpp */ = {isa = PBXFileReference; lastKnownFileType = sourcecode.cpp.cpp; path = render.cpp; sourceTree = "<group>"; };
		DD4AFBD72A7DF4E700669535 /* render.hpp */ = {isa = PBXFileReference; lastKnownFileType = sourcecode.cpp.h; path = render.hpp; sourceTree = "<group>"; };
		DD4AFBD92A7E00EF00669535 /* glad.c */ = {isa = PBXFileReference; fileEncoding = 4; lastKnownFileType = sourcecode.c.c; path = glad.c; sourceTree = "<group>"; };
		DD4AFBDD2A7E222100669535 /* simple_Hud.cpp */ = {isa = PBXFileReference; lastKnownFileType = sourcecode.cpp.cpp; path = simple_Hud.cpp; sourceTree = "<group>"; };
		DD4AFBDE2A7E222100669535 /* simple_Hud.hpp */ = {isa = PBXFileReference; lastKnownFileType = sourcecode.cpp.h; path = simple_Hud.hpp; sourceTree = "<group>"; };
		DD4AFBE12A7E259800669535 /* attitude_Indicator.cpp */ = {isa = PBXFileReference; lastKnownFileType = sourcecode.cpp.cpp; path = attitude_Indicator.cpp; sourceTree = "<group>"; };
		DD4AFBE22A7E259800669535 /* attitude_Indicator.hpp */ = {isa = PBXFileReference; lastKnownFileType = sourcecode.cpp.h; path = attitude_Indicator.hpp; sourceTree = "<group>"; };
/* End PBXFileReference section */

/* Begin PBXFrameworksBuildPhase section */
		DD4AFBC32A7DF3E600669535 /* Frameworks */ = {
			isa = PBXFrameworksBuildPhase;
			buildActionMask = 2147483647;
			files = (
				DD4AFBD42A7DF44B00669535 /* libSDL2-2.0.0.dylib in Frameworks */,
				DD4AFBD22A7DF3F500669535 /* OpenGL.framework in Frameworks */,
			);
			runOnlyForDeploymentPostprocessing = 0;
		};
/* End PBXFrameworksBuildPhase section */

/* Begin PBXGroup section */
		DD4AFBBD2A7DF3E600669535 = {
			isa = PBXGroup;
			children = (
				DD4AFBDB2A7E1D1700669535 /* shaders */,
				DD4AFBC82A7DF3E600669535 /* AvionicsDisplay */,
				DD4AFBC72A7DF3E600669535 /* Products */,
				DD4AFBD02A7DF3F500669535 /* Frameworks */,
			);
			sourceTree = "<group>";
		};
		DD4AFBC72A7DF3E600669535 /* Products */ = {
			isa = PBXGroup;
			children = (
				DD4AFBC62A7DF3E600669535 /* AvionicsDisplay */,
			);
			name = Products;
			sourceTree = "<group>";
		};
		DD4AFBC82A7DF3E600669535 /* AvionicsDisplay */ = {
			isa = PBXGroup;
			children = (
				DD4AFBE22A7E259800669535 /* attitude_Indicator.hpp */,
				DD4AFBE02A7E254F00669535 /* attitude_Indicator */,
				DD4AFBDC2A7E21F200669535 /* simple_Hud */,
				DD4AFBD92A7E00EF00669535 /* glad.c */,
				DD4AFBC92A7DF3E600669535 /* main.cpp */,
				DD4AFBD72A7DF4E700669535 /* render.hpp */,
				DD4AFBD52A7DF4D200669535 /* render */,
			);
			path = AvionicsDisplay;
			sourceTree = "<group>";
		};
		DD4AFBD02A7DF3F500669535 /* Frameworks */ = {
			isa = PBXGroup;
			children = (
				DD4AFBD32A7DF44B00669535 /* libSDL2-2.0.0.dylib */,
				DD4AFBD12A7DF3F500669535 /* OpenGL.framework */,
			);
			name = Frameworks;
			sourceTree = "<group>";
		};
		DD4AFBD52A7DF4D200669535 /* render */ = {
			isa = PBXGroup;
			children = (
				DD4AFBD62A7DF4E700669535 /* render.cpp */,
			);
			path = render;
			sourceTree = "<group>";
		};
		DD4AFBDB2A7E1D1700669535 /* shaders */ = {
			isa = PBXGroup;
			children = (
			);
			path = shaders;
			sourceTree = "<group>";
		};
		DD4AFBDC2A7E21F200669535 /* simple_Hud */ = {
			isa = PBXGroup;
			children = (
				DD4AFBDD2A7E222100669535 /* simple_Hud.cpp */,
				DD4AFBDE2A7E222100669535 /* simple_Hud.hpp */,
			);
			path = simple_Hud;
			sourceTree = "<group>";
		};
		DD4AFBE02A7E254F00669535 /* attitude_Indicator */ = {
			isa = PBXGroup;
			children = (
				DD4AFBE12A7E259800669535 /* attitude_Indicator.cpp */,
			);
			path = attitude_Indicator;
			sourceTree = "<group>";
		};
/* End PBXGroup section */

/* Begin PBXNativeTarget section */
		DD4AFBC52A7DF3E600669535 /* AvionicsDisplay */ = {
			isa = PBXNativeTarget;
			buildConfigurationList = DD4AFBCD2A7DF3E600669535 /* Build configuration list for PBXNativeTarget "AvionicsDisplay" */;
			buildPhases = (
				DD4AFBC22A7DF3E600669535 /* Sources */,
				DD4AFBC32A7DF3E600669535 /* Frameworks */,
				DD4AFBC42A7DF3E600669535 /* CopyFiles */,
			);
			buildRules = (
			);
			dependencies = (
			);
			name = AvionicsDisplay;
			productName = AvionicsDisplay;
			productReference = DD4AFBC62A7DF3E600669535 /* AvionicsDisplay */;
			productType = "com.apple.product-type.tool";
		};
/* End PBXNativeTarget section */

/* Begin PBXProject section */
		DD4AFBBE2A7DF3E600669535 /* Project object */ = {
			isa = PBXProject;
			attributes = {
				BuildIndependentTargetsInParallel = 1;
				LastUpgradeCheck = 1430;
				TargetAttributes = {
					DD4AFBC52A7DF3E600669535 = {
						CreatedOnToolsVersion = 14.3.1;
					};
				};
			};
			buildConfigurationList = DD4AFBC12A7DF3E600669535 /* Build configuration list for PBXProject "AvionicsDisplay" */;
			compatibilityVersion = "Xcode 14.0";
			developmentRegion = en;
			hasScannedForEncodings = 0;
			knownRegions = (
				en,
				Base,
			);
			mainGroup = DD4AFBBD2A7DF3E600669535;
			productRefGroup = DD4AFBC72A7DF3E600669535 /* Products */;
			projectDirPath = "";
			projectRoot = "";
			targets = (
				DD4AFBC52A7DF3E600669535 /* AvionicsDisplay */,
			);
		};
/* End PBXProject section */

/* Begin PBXSourcesBuildPhase section */
		DD4AFBC22A7DF3E600669535 /* Sources */ = {
			isa = PBXSourcesBuildPhase;
			buildActionMask = 2147483647;
			files = (
				DD4AFBCA2A7DF3E600669535 /* main.cpp in Sources */,
				DD4AFBDF2A7E222100669535 /* simple_Hud.cpp in Sources */,
				DD4AFBE32A7E259800669535 /* attitude_Indicator.cpp in Sources */,
				DD4AFBD82A7DF4E700669535 /* render.cpp in Sources */,
				DD4AFBDA2A7E00EF00669535 /* glad.c in Sources */,
			);
			runOnlyForDeploymentPostprocessing = 0;
		};
/* End PBXSourcesBuildPhase section */

/* Begin XCBuildConfiguration section */
		DD4AFBCB2A7DF3E600669535 /* Debug */ = {
			isa = XCBuildConfiguration;
			buildSettings = {
				ALWAYS_SEARCH_USER_PATHS = NO;
				CLANG_ANALYZER_NONNULL = YES;
				CLANG_ANALYZER_NUMBER_OBJECT_CONVERSION = YES_AGGRESSIVE;
				CLANG_CXX_LANGUAGE_STANDARD = "gnu++20";
				CLANG_ENABLE_MODULES = YES;
				CLANG_ENABLE_OBJC_ARC = YES;
				CLANG_ENABLE_OBJC_WEAK = YES;
				CLANG_WARN_BLOCK_CAPTURE_AUTORELEASING = YES;
				CLANG_WARN_BOOL_CONVERSION = YES;
				CLANG_WARN_COMMA = YES;
				CLANG_WARN_CONSTANT_CONVERSION = YES;
				CLANG_WARN_DEPRECATED_OBJC_IMPLEMENTATIONS = YES;
				CLANG_WARN_DIRECT_OBJC_ISA_USAGE = YES_ERROR;
				CLANG_WARN_DOCUMENTATION_COMMENTS = YES;
				CLANG_WARN_EMPTY_BODY = YES;
				CLANG_WARN_ENUM_CONVERSION = YES;
				CLANG_WARN_INFINITE_RECURSION = YES;
				CLANG_WARN_INT_CONVERSION = YES;
				CLANG_WARN_NON_LITERAL_NULL_CONVERSION = YES;
				CLANG_WARN_OBJC_IMPLICIT_RETAIN_SELF = YES;
				CLANG_WARN_OBJC_LITERAL_CONVERSION = YES;
				CLANG_WARN_OBJC_ROOT_CLASS = YES_ERROR;
				CLANG_WARN_QUOTED_INCLUDE_IN_FRAMEWORK_HEADER = YES;
				CLANG_WARN_RANGE_LOOP_ANALYSIS = YES;
				CLANG_WARN_STRICT_PROTOTYPES = YES;
				CLANG_WARN_SUSPICIOUS_MOVE = YES;
				CLANG_WARN_UNGUARDED_AVAILABILITY = YES_AGGRESSIVE;
				CLANG_WARN_UNREACHABLE_CODE = YES;
				CLANG_WARN__DUPLICATE_METHOD_MATCH = YES;
				COPY_PHASE_STRIP = NO;
				DEBUG_INFORMATION_FORMAT = dwarf;
				ENABLE_STRICT_OBJC_MSGSEND = YES;
				ENABLE_TESTABILITY = YES;
				GCC_C_LANGUAGE_STANDARD = gnu11;
				GCC_DYNAMIC_NO_PIC = NO;
				GCC_NO_COMMON_BLOCKS = YES;
				GCC_OPTIMIZATION_LEVEL = 0;
				GCC_PREPROCESSOR_DEFINITIONS = (
					"DEBUG=1",
					"$(inherited)",
				);
				GCC_WARN_64_TO_32_BIT_CONVERSION = YES;
				GCC_WARN_ABOUT_RETURN_TYPE = YES_ERROR;
				GCC_WARN_UNDECLARED_SELECTOR = YES;
				GCC_WARN_UNINITIALIZED_AUTOS = YES_AGGRESSIVE;
				GCC_WARN_UNUSED_FUNCTION = YES;
				GCC_WARN_UNUSED_VARIABLE = YES;
				MACOSX_DEPLOYMENT_TARGET = 13.3;
				MTL_ENABLE_DEBUG_INFO = INCLUDE_SOURCE;
				MTL_FAST_MATH = YES;
				ONLY_ACTIVE_ARCH = YES;
				SDKROOT = macosx;
			};
			name = Debug;
		};
		DD4AFBCC2A7DF3E600669535 /* Release */ = {
			isa = XCBuildConfiguration;
			buildSettings = {
				ALWAYS_SEARCH_USER_PATHS = NO;
				CLANG_ANALYZER_NONNULL = YES;
				CLANG_ANALYZER_NUMBER_OBJECT_CONVERSION = YES_AGGRESSIVE;
				CLANG_CXX_LANGUAGE_STANDARD = "gnu++20";
				CLANG_ENABLE_MODULES = YES;
				CLANG_ENABLE_OBJC_ARC = YES;
				CLANG_ENABLE_OBJC_WEAK = YES;
				CLANG_WARN_BLOCK_CAPTURE_AUTORELEASING = YES;
				CLANG_WARN_BOOL_CONVERSION = YES;
				CLANG_WARN_COMMA = YES;
				CLANG_WARN_CONSTANT_CONVERSION = YES;
				CLANG_WARN_DEPRECATED_OBJC_IMPLEMENTATIONS = YES;
				CLANG_WARN_DIRECT_OBJC_ISA_USAGE = YES_ERROR;
				CLANG_WARN_DOCUMENTATION_COMMENTS = YES;
				CLANG_WARN_EMPTY_BODY = YES;
				CLANG_WARN_ENUM_CONVERSION = YES;
				CLANG_WARN_INFINITE_RECURSION = YES;
				CLANG_WARN_INT_CONVERSION = YES;
				CLANG_WARN_NON_LITERAL_NULL_CONVERSION = YES;
				CLANG_WARN_OBJC_IMPLICIT_RETAIN_SELF = YES;
				CLANG_WARN_OBJC_LITERAL_CONVERSION = YES;
				CLANG_WARN_OBJC_ROOT_CLASS = YES_ERROR;
				CLANG_WARN_QUOTED_INCLUDE_IN_FRAMEWORK_HEADER = YES;
				CLANG_WARN_RANGE_LOOP_ANALYSIS = YES;
				CLANG_WARN_STRICT_PROTOTYPES = YES;
				CLANG_WARN_SUSPICIOUS_MOVE = YES;
				CLANG_WARN_UNGUARDED_AVAILABILITY = YES_AGGRESSIVE;
				CLANG_WARN_UNREACHABLE_CODE = YES;
				CLANG_WARN__DUPLICATE_METHOD_MATCH = YES;
				COPY_PHASE_STRIP = NO;
				DEBUG_INFORMATION_FORMAT = "dwarf-with-dsym";
				ENABLE_NS_ASSERTIONS = NO;
				ENABLE_STRICT_OBJC_MSGSEND = YES;
				GCC_C_LANGUAGE_STANDARD = gnu11;
				GCC_NO_COMMON_BLOCKS = YES;
				GCC_WARN_64_TO_32_BIT_CONVERSION = YES;
				GCC_WARN_ABOUT_RETURN_TYPE = YES_ERROR;
				GCC_WARN_UNDECLARED_SELECTOR = YES;
				GCC_WARN_UNINITIALIZED_AUTOS = YES_AGGRESSIVE;
				GCC_WARN_UNUSED_FUNCTION = YES;
				GCC_WARN_UNUSED_VARIABLE = YES;
				MACOSX_DEPLOYMENT_TARGET = 13.3;
				MTL_ENABLE_DEBUG_INFO = NO;
				MTL_FAST_MATH = YES;
				SDKROOT = macosx;
			};
			name = Release;
		};
		DD4AFBCE2A7DF3E600669535 /* Debug */ = {
			isa = XCBuildConfiguration;
			buildSettings = {
				CODE_SIGN_STYLE = Automatic;
				FRAMEWORK_SEARCH_PATHS = /usr/local/include;
				HEADER_SEARCH_PATHS = (
					"/usr/local/Cellar/sdl2/2.28.1/include/**",
					/usr/local/include,
				);
				LIBRARY_SEARCH_PATHS = (
					"$(inherited)",
					/usr/local/Cellar/sdl2/2.28.1/lib,
				);
				PRODUCT_NAME = "$(TARGET_NAME)";
			};
			name = Debug;
		};
		DD4AFBCF2A7DF3E600669535 /* Release */ = {
			isa = XCBuildConfiguration;
			buildSettings = {
				CODE_SIGN_STYLE = Automatic;
				FRAMEWORK_SEARCH_PATHS = /usr/local/include;
				HEADER_SEARCH_PATHS = (
					"/usr/local/Cellar/sdl2/2.28.1/include/**",
					/usr/local/include,
				);
				LIBRARY_SEARCH_PATHS = (
					"$(inherited)",
					/usr/local/Cellar/sdl2/2.28.1/lib,
				);
				PRODUCT_NAME = "$(TARGET_NAME)";
			};
			name = Release;
		};
/* End XCBuildConfiguration section */

/* Begin XCConfigurationList section */
		DD4AFBC12A7DF3E600669535 /* Build configuration list for PBXProject "AvionicsDisplay" */ = {
			isa = XCConfigurationList;
			buildConfigurations = (
				DD4AFBCB2A7DF3E600669535 /* Debug */,
				DD4AFBCC2A7DF3E600669535 /* Release */,
			);
			defaultConfigurationIsVisible = 0;
			defaultConfigurationName = Release;
		};
		DD4AFBCD2A7DF3E600669535 /* Build configuration list for PBXNativeTarget "AvionicsDisplay" */ = {
			isa = XCConfigurationList;
			buildConfigurations = (
				DD4AFBCE2A7DF3E600669535 /* Debug */,
				DD4AFBCF2A7DF3E600669535 /* Release */,
			);
			defaultConfigurationIsVisible = 0;
			defaultConfigurationName = Release;
		};
/* End XCConfigurationList section */
	};
	rootObject = DD4AFBBE2A7DF3E600669535 /* Project object */;
}
